
Microsoft Visual Studio Solution File, Format Version 12.00
# Visual Studio Version 16
VisualStudioVersion = 16.0.33328.57
MinimumVisualStudioVersion = 10.0.40219.1
Project("{FAE04EC0-301F-11D3-BF4B-00C04F79EFBC}") = "jQuery_AJAX_WebAPI_MVC", "jQuery_AJAX_WebAPI_MVC\jQuery_AJAX_WebAPI_MVC.csproj", "{0104779B-A73F-4C5B-A666-DA694079EA3B}"
EndProject
Global
	GlobalSection(SolutionConfigurationPlatforms) = preSolution
		Debug|Any CPU = Debug|Any CPU
		Release|Any CPU = Release|Any CPU
	EndGlobalSection
	GlobalSection(ProjectConfigurationPlatforms) = postSolution
		{0104779B-A73F-4C5B-A666-DA694079EA3B}.Debug|Any CPU.ActiveCfg = Debug|Any CPU
		{0104779B-A73F-4C5B-A666-DA694079EA3B}.Debug|Any CPU.Build.0 = Debug|Any CPU
		{0104779B-A73F-4C5B-A666-DA694079EA3B}.Release|Any CPU.ActiveCfg = Release|Any CPU
		{0104779B-A73F-4C5B-A666-DA694079EA3B}.Release|Any CPU.Build.0 = Release|Any CPU
	EndGlobalSection
	GlobalSection(SolutionProperties) = preSolution
		HideSolutionNode = FALSE
	EndGlobalSection
	GlobalSection(ExtensibilityGlobals) = postSolution
		SolutionGuid = {1CA175B6-34E0-4C79-A7BA-8DEF35767385}
	EndGlobalSection
EndGlobal
